
Microsoft Visual Studio Solution File, Format Version 12.00
# Visual Studio Version 17
VisualStudioVersion = 17.0.31903.59
MinimumVisualStudioVersion = 10.0.40219.1
Project("{FAE04EC0-301F-11D3-BF4B-00C04F79EFBC}") = "Hololive.Web", "Hololive.Web\Hololive.Web.csproj", "{87C10828-192C-4D9F-9BED-2D48AAE07575}"
EndProject
Project("{FAE04EC0-301F-11D3-BF4B-00C04F79EFBC}") = "Hololive.Web.API", "Hololive.Web.API\Hololive.Web.API.csproj", "{05A26351-63B3-41AB-BFC5-0ECF8593C413}"
EndProject
Global
	GlobalSection(SolutionConfigurationPlatforms) = preSolution
		Debug|Any CPU = Debug|Any CPU
		Release|Any CPU = Release|Any CPU
	EndGlobalSection
	GlobalSection(SolutionProperties) = preSolution
		HideSolutionNode = FALSE
	EndGlobalSection
	GlobalSection(ProjectConfigurationPlatforms) = postSolution
		{87C10828-192C-4D9F-9BED-2D48AAE07575}.Debug|Any CPU.ActiveCfg = Debug|Any CPU
		{87C10828-192C-4D9F-9BED-2D48AAE07575}.Debug|Any CPU.Build.0 = Debug|Any CPU
		{87C10828-192C-4D9F-9BED-2D48AAE07575}.Release|Any CPU.ActiveCfg = Release|Any CPU
		{87C10828-192C-4D9F-9BED-2D48AAE07575}.Release|Any CPU.Build.0 = Release|Any CPU
		{05A26351-63B3-41AB-BFC5-0ECF8593C413}.Debug|Any CPU.ActiveCfg = Debug|Any CPU
		{05A26351-63B3-41AB-BFC5-0ECF8593C413}.Debug|Any CPU.Build.0 = Debug|Any CPU
		{05A26351-63B3-41AB-BFC5-0ECF8593C413}.Release|Any CPU.ActiveCfg = Release|Any CPU
		{05A26351-63B3-41AB-BFC5-0ECF8593C413}.Release|Any CPU.Build.0 = Release|Any CPU
	EndGlobalSection
EndGlobal
